
Microsoft Visual Studio Solution File, Format Version 12.00
# Visual Studio Version 17
VisualStudioVersion = 17.8.34316.72
MinimumVisualStudioVersion = 10.0.40219.1
Project("{2150E333-8FDC-42A3-9474-1A3956D46DE8}") = "src", "src", "{A0274877-60D5-4970-99F2-BE3598D9AABB}"
EndProject
Project("{9A19103F-16F7-4668-BE54-9A1E7A4F7556}") = "HouseBroker.Core", "HouseBroker.Core\HouseBroker.Core.csproj", "{4B72449F-4F53-4400-BB0C-DB6E15C9396D}"
EndProject
Project("{9A19103F-16F7-4668-BE54-9A1E7A4F7556}") = "HouseBroker.Application", "HouseBroker.Application\HouseBroker.Application.csproj", "{E44A74D8-8206-4391-99D7-0F4371E211ED}"
EndProject
Project("{9A19103F-16F7-4668-BE54-9A1E7A4F7556}") = "HouseBroker.Infastructure", "HouseBroker.Infastructure\HouseBroker.Infastructure.csproj", "{0402FF63-C455-4EA3-B1AA-0DBDC2FEE469}"
EndProject
Project("{9A19103F-16F7-4668-BE54-9A1E7A4F7556}") = "HouseBroker.WebAPIs", "HouseBroker.WebAPIs\HouseBroker.WebAPIs.csproj", "{9947C855-A52E-4F27-AC2C-215AF65D5FDF}"
EndProject
Project("{FAE04EC0-301F-11D3-BF4B-00C04F79EFBC}") = "HouseBroker.Tests", "HouseBroker.Tests\HouseBroker.Tests.csproj", "{7BCB7082-E807-4B78-8D3D-DA2BC02ECE57}"
EndProject
Global
	GlobalSection(SolutionConfigurationPlatforms) = preSolution
		Debug|Any CPU = Debug|Any CPU
		Release|Any CPU = Release|Any CPU
	EndGlobalSection
	GlobalSection(ProjectConfigurationPlatforms) = postSolution
		{4B72449F-4F53-4400-BB0C-DB6E15C9396D}.Debug|Any CPU.ActiveCfg = Debug|Any CPU
		{4B72449F-4F53-4400-BB0C-DB6E15C9396D}.Debug|Any CPU.Build.0 = Debug|Any CPU
		{4B72449F-4F53-4400-BB0C-DB6E15C9396D}.Release|Any CPU.ActiveCfg = Release|Any CPU
		{4B72449F-4F53-4400-BB0C-DB6E15C9396D}.Release|Any CPU.Build.0 = Release|Any CPU
		{E44A74D8-8206-4391-99D7-0F4371E211ED}.Debug|Any CPU.ActiveCfg = Debug|Any CPU
		{E44A74D8-8206-4391-99D7-0F4371E211ED}.Debug|Any CPU.Build.0 = Debug|Any CPU
		{E44A74D8-8206-4391-99D7-0F4371E211ED}.Release|Any CPU.ActiveCfg = Release|Any CPU
		{E44A74D8-8206-4391-99D7-0F4371E211ED}.Release|Any CPU.Build.0 = Release|Any CPU
		{0402FF63-C455-4EA3-B1AA-0DBDC2FEE469}.Debug|Any CPU.ActiveCfg = Debug|Any CPU
		{0402FF63-C455-4EA3-B1AA-0DBDC2FEE469}.Debug|Any CPU.Build.0 = Debug|Any CPU
		{0402FF63-C455-4EA3-B1AA-0DBDC2FEE469}.Release|Any CPU.ActiveCfg = Release|Any CPU
		{0402FF63-C455-4EA3-B1AA-0DBDC2FEE469}.Release|Any CPU.Build.0 = Release|Any CPU
		{9947C855-A52E-4F27-AC2C-215AF65D5FDF}.Debug|Any CPU.ActiveCfg = Debug|Any CPU
		{9947C855-A52E-4F27-AC2C-215AF65D5FDF}.Debug|Any CPU.Build.0 = Debug|Any CPU
		{9947C855-A52E-4F27-AC2C-215AF65D5FDF}.Release|Any CPU.ActiveCfg = Release|Any CPU
		{9947C855-A52E-4F27-AC2C-215AF65D5FDF}.Release|Any CPU.Build.0 = Release|Any CPU
		{7BCB7082-E807-4B78-8D3D-DA2BC02ECE57}.Debug|Any CPU.ActiveCfg = Debug|Any CPU
		{7BCB7082-E807-4B78-8D3D-DA2BC02ECE57}.Debug|Any CPU.Build.0 = Debug|Any CPU
		{7BCB7082-E807-4B78-8D3D-DA2BC02ECE57}.Release|Any CPU.ActiveCfg = Release|Any CPU
		{7BCB7082-E807-4B78-8D3D-DA2BC02ECE57}.Release|Any CPU.Build.0 = Release|Any CPU
	EndGlobalSection
	GlobalSection(SolutionProperties) = preSolution
		HideSolutionNode = FALSE
	EndGlobalSection
	GlobalSection(NestedProjects) = preSolution
		{4B72449F-4F53-4400-BB0C-DB6E15C9396D} = {A0274877-60D5-4970-99F2-BE3598D9AABB}
		{E44A74D8-8206-4391-99D7-0F4371E211ED} = {A0274877-60D5-4970-99F2-BE3598D9AABB}
		{0402FF63-C455-4EA3-B1AA-0DBDC2FEE469} = {A0274877-60D5-4970-99F2-BE3598D9AABB}
		{9947C855-A52E-4F27-AC2C-215AF65D5FDF} = {A0274877-60D5-4970-99F2-BE3598D9AABB}
		{7BCB7082-E807-4B78-8D3D-DA2BC02ECE57} = {A0274877-60D5-4970-99F2-BE3598D9AABB}
	EndGlobalSection
	GlobalSection(ExtensibilityGlobals) = postSolution
		SolutionGuid = {6B5BB9BC-FDCB-4419-B6D6-A246ED45E701}
	EndGlobalSection
EndGlobal
